
Microsoft Visual Studio Solution File, Format Version 12.00
# Visual Studio Version 17
VisualStudioVersion = 17.0.32014.148
MinimumVisualStudioVersion = 10.0.40219.1
Project("{FAE04EC0-301F-11D3-BF4B-00C04F79EFBC}") = "MediatRExample", "MediatRExample\MediatRExample.csproj", "{81492800-6CAD-465A-87D8-3330387FD458}"
EndProject
Global
	GlobalSection(SolutionConfigurationPlatforms) = preSolution
		Debug|Any CPU = Debug|Any CPU
		Release|Any CPU = Release|Any CPU
	EndGlobalSection
	GlobalSection(ProjectConfigurationPlatforms) = postSolution
		{81492800-6CAD-465A-87D8-3330387FD458}.Debug|Any CPU.ActiveCfg = Debug|Any CPU
		{81492800-6CAD-465A-87D8-3330387FD458}.Debug|Any CPU.Build.0 = Debug|Any CPU
		{81492800-6CAD-465A-87D8-3330387FD458}.Release|Any CPU.ActiveCfg = Release|Any CPU
		{81492800-6CAD-465A-87D8-3330387FD458}.Release|Any CPU.Build.0 = Release|Any CPU
	EndGlobalSection
	GlobalSection(SolutionProperties) = preSolution
		HideSolutionNode = FALSE
	EndGlobalSection
	GlobalSection(ExtensibilityGlobals) = postSolution
		SolutionGuid = {FF38556D-4F86-45D4-AB1F-D7004E8ADE52}
	EndGlobalSection
EndGlobal
